{
  "name": "training-portal",
  "lockfileVersion": 3,
  "requires": true,
  "packages": {
    "": {
      "dependencies": {
        "egalink-toasty.js": "^1.5.5"
      }
    },
    "node_modules/egalink-toasty.js": {
      "version": "1.5.5",
      "resolved": "https://registry.npmjs.org/egalink-toasty.js/-/egalink-toasty.js-1.5.5.tgz",
      "integrity": "sha512-Ds24PRUXvUEPbFoZ4D0hcSIq5/ju37gXCv7oEIN3O6uRqpeEmzuHiZvXiEABlihMQmrFMC6M2aWgOly8fKO+/g=="
    }
  }
}
